
Microsoft Visual Studio Solution File, Format Version 12.00
# Visual Studio Version 17
VisualStudioVersion = 17.4.33403.182
MinimumVisualStudioVersion = 10.0.40219.1
Project("{9A19103F-16F7-4668-BE54-9A1E7A4F7556}") = "FeedbackManagementApp", "FeedbackManagementApp.csproj", "{C3DCDFC1-638C-44A2-83A5-EBA68688ECA2}"
EndProject
Project("{9A19103F-16F7-4668-BE54-9A1E7A4F7556}") = "FeedbackManagementApp.BusinessLayer", "..\FeedbackManagementApp.BusinessLayer\FeedbackManagementApp.BusinessLayer.csproj", "{022AA6E0-9E3B-4840-A5E3-51934F75AFF4}"
EndProject
Project("{9A19103F-16F7-4668-BE54-9A1E7A4F7556}") = "FeedbackManagementApp.DataLayer", "..\FeedbackManagementApp.DataLayer\FeedbackManagementApp.DataLayer.csproj", "{A6919976-C07D-4C17-81C7-F7323C51D4C6}"
EndProject
Project("{9A19103F-16F7-4668-BE54-9A1E7A4F7556}") = "FeedbackManagementApp.Entities", "..\FeedbackManagementApp.Entities\FeedbackManagementApp.Entities.csproj", "{2AE572ED-29BB-4B01-8AB0-761053E0812B}"
EndProject
Project("{9A19103F-16F7-4668-BE54-9A1E7A4F7556}") = "FeedbackManagementApp.Tests", "..\FeedbackManagementApp.Tests\FeedbackManagementApp.Tests.csproj", "{AAA02D9B-5B7C-445E-B0C6-35F6A3C9ADAA}"
EndProject
Global
	GlobalSection(SolutionConfigurationPlatforms) = preSolution
		Debug|Any CPU = Debug|Any CPU
		Release|Any CPU = Release|Any CPU
	EndGlobalSection
	GlobalSection(ProjectConfigurationPlatforms) = postSolution
		{C3DCDFC1-638C-44A2-83A5-EBA68688ECA2}.Debug|Any CPU.ActiveCfg = Debug|Any CPU
		{C3DCDFC1-638C-44A2-83A5-EBA68688ECA2}.Debug|Any CPU.Build.0 = Debug|Any CPU
		{C3DCDFC1-638C-44A2-83A5-EBA68688ECA2}.Release|Any CPU.ActiveCfg = Release|Any CPU
		{C3DCDFC1-638C-44A2-83A5-EBA68688ECA2}.Release|Any CPU.Build.0 = Release|Any CPU
		{022AA6E0-9E3B-4840-A5E3-51934F75AFF4}.Debug|Any CPU.ActiveCfg = Debug|Any CPU
		{022AA6E0-9E3B-4840-A5E3-51934F75AFF4}.Debug|Any CPU.Build.0 = Debug|Any CPU
		{022AA6E0-9E3B-4840-A5E3-51934F75AFF4}.Release|Any CPU.ActiveCfg = Release|Any CPU
		{022AA6E0-9E3B-4840-A5E3-51934F75AFF4}.Release|Any CPU.Build.0 = Release|Any CPU
		{A6919976-C07D-4C17-81C7-F7323C51D4C6}.Debug|Any CPU.ActiveCfg = Debug|Any CPU
		{A6919976-C07D-4C17-81C7-F7323C51D4C6}.Debug|Any CPU.Build.0 = Debug|Any CPU
		{A6919976-C07D-4C17-81C7-F7323C51D4C6}.Release|Any CPU.ActiveCfg = Release|Any CPU
		{A6919976-C07D-4C17-81C7-F7323C51D4C6}.Release|Any CPU.Build.0 = Release|Any CPU
		{2AE572ED-29BB-4B01-8AB0-761053E0812B}.Debug|Any CPU.ActiveCfg = Debug|Any CPU
		{2AE572ED-29BB-4B01-8AB0-761053E0812B}.Debug|Any CPU.Build.0 = Debug|Any CPU
		{2AE572ED-29BB-4B01-8AB0-761053E0812B}.Release|Any CPU.ActiveCfg = Release|Any CPU
		{2AE572ED-29BB-4B01-8AB0-761053E0812B}.Release|Any CPU.Build.0 = Release|Any CPU
		{AAA02D9B-5B7C-445E-B0C6-35F6A3C9ADAA}.Debug|Any CPU.ActiveCfg = Debug|Any CPU
		{AAA02D9B-5B7C-445E-B0C6-35F6A3C9ADAA}.Debug|Any CPU.Build.0 = Debug|Any CPU
		{AAA02D9B-5B7C-445E-B0C6-35F6A3C9ADAA}.Release|Any CPU.ActiveCfg = Release|Any CPU
		{AAA02D9B-5B7C-445E-B0C6-35F6A3C9ADAA}.Release|Any CPU.Build.0 = Release|Any CPU
	EndGlobalSection
	GlobalSection(SolutionProperties) = preSolution
		HideSolutionNode = FALSE
	EndGlobalSection
	GlobalSection(ExtensibilityGlobals) = postSolution
		SolutionGuid = {3CC5A395-3B7E-45D1-9653-C689D8822113}
	EndGlobalSection
EndGlobal
